# This file is automatically @generated by Poetry 1.7.1 and should not be changed by hand.

[[package]]
name = "pytermgui"
version = "7.7.0"
description = "Python TUI framework with mouse support, modular widget system, customizable and rapid terminal markup language and more!"
optional = false
python-versions = ">=3.8"
files = [
    {file = "pytermgui-7.7.0-py3-none-any.whl", hash = "sha256:2a7615471386f77e8d46a571931eaecd21dbb5ffad73cb376cea39474edd57fb"},
    {file = "pytermgui-7.7.0.tar.gz", hash = "sha256:aad906af877e86a80a6131b4decd3f527a34d561917dea850a24f5fabb07acd1"},
]

[package.dependencies]
typing-extensions = "*"

[package.extras]
yaml = ["pyyaml"]

[[package]]
name = "typing-extensions"
version = "4.9.0"
description = "Backported and Experimental Type Hints for Python 3.8+"
optional = false
python-versions = ">=3.8"
files = [
    {file = "typing_extensions-4.9.0-py3-none-any.whl", hash = "sha256:af72aea155e91adfc61c3ae9e0e342dbc0cba726d6cba4b6c72c1f34e47291cd"},
    {file = "typing_extensions-4.9.0.tar.gz", hash = "sha256:23478f88c37f27d76ac8aee6c905017a143b0b1b886c3c9f66bc2fd94f9f5783"},
]

[metadata]
lock-version = "2.0"
python-versions = "^3.11"
content-hash = "4a012c2baa1dd319f4bc74b0caa5b59e5f146fa7255d8251f5983d77afc202ae"
